
Microsoft Visual Studio Solution File, Format Version 12.00
# Visual Studio 2013
VisualStudioVersion = 12.0.30501.0
MinimumVisualStudioVersion = 10.0.40219.1
Project("{FAE04EC0-301F-11D3-BF4B-00C04F79EFBC}") = "Awesome.Utilities.System", "Awesome.Utilities.System\Awesome.Utilities.System.csproj", "{BD269F95-E64C-489D-AA68-5FDF6E513AED}"
EndProject
Project("{FAE04EC0-301F-11D3-BF4B-00C04F79EFBC}") = "Awesome.Utilities.Test", "Awesome.Utilities.Test\Awesome.Utilities.Test.csproj", "{F6F124C2-DC6E-457E-863D-EFDFC1942D36}"
EndProject
Project("{FAE04EC0-301F-11D3-BF4B-00C04F79EFBC}") = "Awesome.Utilities.Web.Mvc", "Awesome.Utilities.Web.Mvc\Awesome.Utilities.Web.Mvc.csproj", "{2CB5735A-2598-46B6-8967-1BE02C261BC8}"
EndProject
Project("{FAE04EC0-301F-11D3-BF4B-00C04F79EFBC}") = "Awesome.Utilities.Geolocation", "Awesome.Utilities.Geolocation\Awesome.Utilities.Geolocation.csproj", "{A7BF2FBE-2BC3-4D3E-9363-52FE6ACBF00E}"
EndProject
Project("{FAE04EC0-301F-11D3-BF4B-00C04F79EFBC}") = "Awesome.Utilities.Test.Integration", "Awesome.Utilities.Test.Integration\Awesome.Utilities.Test.Integration.csproj", "{E54299C9-B5DE-424A-9E31-D4FB45C783BA}"
EndProject
Project("{2150E333-8FDC-42A3-9474-1A3956D46DE8}") = "Solution Items", "Solution Items", "{00F81025-03AD-404E-9D04-C0F7C1F578DD}"
	ProjectSection(SolutionItems) = preProject
		LICENSE = LICENSE
		nuspec.2010.7.xsd = nuspec.2010.7.xsd
		nuspec.2011.8.xsd = nuspec.2011.8.xsd
		publish.ps1 = publish.ps1
		SolutionAssemblyInfo.cs = SolutionAssemblyInfo.cs
	EndProjectSection
EndProject
Project("{FAE04EC0-301F-11D3-BF4B-00C04F79EFBC}") = "Awesome.Utilities.Units", "Awesome.Utilities.Units\Awesome.Utilities.Units.csproj", "{0652D591-6565-4FC4-811E-A86BD3CBBC89}"
EndProject
Project("{2150E333-8FDC-42A3-9474-1A3956D46DE8}") = ".nuget", ".nuget", "{25E3B4AE-FB0F-4EDF-8959-0562B3CB25EC}"
	ProjectSection(SolutionItems) = preProject
		.nuget\NuGet.Config = .nuget\NuGet.Config
		.nuget\NuGet.targets = .nuget\NuGet.targets
	EndProjectSection
EndProject
Project("{FAE04EC0-301F-11D3-BF4B-00C04F79EFBC}") = "Awesome.Utilities.Geolocation.Caching.PostgreSQL", "Awesome.Utilities.Geolocation.Caching.PostgreSQL\Awesome.Utilities.Geolocation.Caching.PostgreSQL.csproj", "{6A38C982-1FBA-4F84-ADFE-1A4A40092744}"
EndProject
Project("{FAE04EC0-301F-11D3-BF4B-00C04F79EFBC}") = "Awesome.Utilities.Geolocation.Caching.SQLite", "Awesome.Utilities.Geolocation.Caching.SQLite\Awesome.Utilities.Geolocation.Caching.SQLite.csproj", "{6B53248D-BAC7-4B84-AC1C-AF61C11B10E0}"
EndProject
Project("{2150E333-8FDC-42A3-9474-1A3956D46DE8}") = "Tests", "Tests", "{263D9758-FCFA-4620-86AD-34FCD2DFC93D}"
EndProject
Global
	GlobalSection(SolutionConfigurationPlatforms) = preSolution
		Debug|Any CPU = Debug|Any CPU
		Release|Any CPU = Release|Any CPU
		ReleaseNuGet|Any CPU = ReleaseNuGet|Any CPU
	EndGlobalSection
	GlobalSection(ProjectConfigurationPlatforms) = postSolution
		{BD269F95-E64C-489D-AA68-5FDF6E513AED}.Debug|Any CPU.ActiveCfg = Debug|Any CPU
		{BD269F95-E64C-489D-AA68-5FDF6E513AED}.Debug|Any CPU.Build.0 = Debug|Any CPU
		{BD269F95-E64C-489D-AA68-5FDF6E513AED}.Release|Any CPU.ActiveCfg = Release|Any CPU
		{BD269F95-E64C-489D-AA68-5FDF6E513AED}.Release|Any CPU.Build.0 = Release|Any CPU
		{BD269F95-E64C-489D-AA68-5FDF6E513AED}.ReleaseNuGet|Any CPU.ActiveCfg = ReleaseNuGet|Any CPU
		{BD269F95-E64C-489D-AA68-5FDF6E513AED}.ReleaseNuGet|Any CPU.Build.0 = ReleaseNuGet|Any CPU
		{F6F124C2-DC6E-457E-863D-EFDFC1942D36}.Debug|Any CPU.ActiveCfg = Debug|Any CPU
		{F6F124C2-DC6E-457E-863D-EFDFC1942D36}.Debug|Any CPU.Build.0 = Debug|Any CPU
		{F6F124C2-DC6E-457E-863D-EFDFC1942D36}.Release|Any CPU.ActiveCfg = Release|Any CPU
		{F6F124C2-DC6E-457E-863D-EFDFC1942D36}.Release|Any CPU.Build.0 = Release|Any CPU
		{F6F124C2-DC6E-457E-863D-EFDFC1942D36}.ReleaseNuGet|Any CPU.ActiveCfg = ReleaseNuGet|Any CPU
		{F6F124C2-DC6E-457E-863D-EFDFC1942D36}.ReleaseNuGet|Any CPU.Build.0 = ReleaseNuGet|Any CPU
		{2CB5735A-2598-46B6-8967-1BE02C261BC8}.Debug|Any CPU.ActiveCfg = Debug|Any CPU
		{2CB5735A-2598-46B6-8967-1BE02C261BC8}.Debug|Any CPU.Build.0 = Debug|Any CPU
		{2CB5735A-2598-46B6-8967-1BE02C261BC8}.Release|Any CPU.ActiveCfg = Release|Any CPU
		{2CB5735A-2598-46B6-8967-1BE02C261BC8}.Release|Any CPU.Build.0 = Release|Any CPU
		{2CB5735A-2598-46B6-8967-1BE02C261BC8}.ReleaseNuGet|Any CPU.ActiveCfg = ReleaseNuGet|Any CPU
		{2CB5735A-2598-46B6-8967-1BE02C261BC8}.ReleaseNuGet|Any CPU.Build.0 = ReleaseNuGet|Any CPU
		{A7BF2FBE-2BC3-4D3E-9363-52FE6ACBF00E}.Debug|Any CPU.ActiveCfg = Debug|Any CPU
		{A7BF2FBE-2BC3-4D3E-9363-52FE6ACBF00E}.Debug|Any CPU.Build.0 = Debug|Any CPU
		{A7BF2FBE-2BC3-4D3E-9363-52FE6ACBF00E}.Release|Any CPU.ActiveCfg = Release|Any CPU
		{A7BF2FBE-2BC3-4D3E-9363-52FE6ACBF00E}.Release|Any CPU.Build.0 = Release|Any CPU
		{A7BF2FBE-2BC3-4D3E-9363-52FE6ACBF00E}.ReleaseNuGet|Any CPU.ActiveCfg = ReleaseNuGet|Any CPU
		{A7BF2FBE-2BC3-4D3E-9363-52FE6ACBF00E}.ReleaseNuGet|Any CPU.Build.0 = ReleaseNuGet|Any CPU
		{E54299C9-B5DE-424A-9E31-D4FB45C783BA}.Debug|Any CPU.ActiveCfg = Debug|Any CPU
		{E54299C9-B5DE-424A-9E31-D4FB45C783BA}.Debug|Any CPU.Build.0 = Debug|Any CPU
		{E54299C9-B5DE-424A-9E31-D4FB45C783BA}.Release|Any CPU.ActiveCfg = Release|Any CPU
		{E54299C9-B5DE-424A-9E31-D4FB45C783BA}.Release|Any CPU.Build.0 = Release|Any CPU
		{E54299C9-B5DE-424A-9E31-D4FB45C783BA}.ReleaseNuGet|Any CPU.ActiveCfg = ReleaseNuGet|Any CPU
		{E54299C9-B5DE-424A-9E31-D4FB45C783BA}.ReleaseNuGet|Any CPU.Build.0 = ReleaseNuGet|Any CPU
		{0652D591-6565-4FC4-811E-A86BD3CBBC89}.Debug|Any CPU.ActiveCfg = Debug|Any CPU
		{0652D591-6565-4FC4-811E-A86BD3CBBC89}.Debug|Any CPU.Build.0 = Debug|Any CPU
		{0652D591-6565-4FC4-811E-A86BD3CBBC89}.Release|Any CPU.ActiveCfg = Release|Any CPU
		{0652D591-6565-4FC4-811E-A86BD3CBBC89}.Release|Any CPU.Build.0 = Release|Any CPU
		{0652D591-6565-4FC4-811E-A86BD3CBBC89}.ReleaseNuGet|Any CPU.ActiveCfg = ReleaseNuGet|Any CPU
		{0652D591-6565-4FC4-811E-A86BD3CBBC89}.ReleaseNuGet|Any CPU.Build.0 = ReleaseNuGet|Any CPU
		{6A38C982-1FBA-4F84-ADFE-1A4A40092744}.Debug|Any CPU.ActiveCfg = Debug|Any CPU
		{6A38C982-1FBA-4F84-ADFE-1A4A40092744}.Debug|Any CPU.Build.0 = Debug|Any CPU
		{6A38C982-1FBA-4F84-ADFE-1A4A40092744}.Release|Any CPU.ActiveCfg = Release|Any CPU
		{6A38C982-1FBA-4F84-ADFE-1A4A40092744}.Release|Any CPU.Build.0 = Release|Any CPU
		{6A38C982-1FBA-4F84-ADFE-1A4A40092744}.ReleaseNuGet|Any CPU.ActiveCfg = ReleaseNuGet|Any CPU
		{6A38C982-1FBA-4F84-ADFE-1A4A40092744}.ReleaseNuGet|Any CPU.Build.0 = ReleaseNuGet|Any CPU
		{6B53248D-BAC7-4B84-AC1C-AF61C11B10E0}.Debug|Any CPU.ActiveCfg = Debug|Any CPU
		{6B53248D-BAC7-4B84-AC1C-AF61C11B10E0}.Debug|Any CPU.Build.0 = Debug|Any CPU
		{6B53248D-BAC7-4B84-AC1C-AF61C11B10E0}.Release|Any CPU.ActiveCfg = Release|Any CPU
		{6B53248D-BAC7-4B84-AC1C-AF61C11B10E0}.Release|Any CPU.Build.0 = Release|Any CPU
		{6B53248D-BAC7-4B84-AC1C-AF61C11B10E0}.ReleaseNuGet|Any CPU.ActiveCfg = ReleaseNuGet|Any CPU
		{6B53248D-BAC7-4B84-AC1C-AF61C11B10E0}.ReleaseNuGet|Any CPU.Build.0 = ReleaseNuGet|Any CPU
	EndGlobalSection
	GlobalSection(SolutionProperties) = preSolution
		HideSolutionNode = FALSE
	EndGlobalSection
	GlobalSection(NestedProjects) = preSolution
		{F6F124C2-DC6E-457E-863D-EFDFC1942D36} = {263D9758-FCFA-4620-86AD-34FCD2DFC93D}
		{E54299C9-B5DE-424A-9E31-D4FB45C783BA} = {263D9758-FCFA-4620-86AD-34FCD2DFC93D}
	EndGlobalSection
EndGlobal
