
Microsoft Visual Studio Solution File, Format Version 11.00
# Visual Studio 2010
Project("{FAE04EC0-301F-11D3-BF4B-00C04F79EFBC}") = "System", "System\System.csproj", "{BD269F95-E64C-489D-AA68-5FDF6E513AED}"
EndProject
Global
	GlobalSection(SolutionConfigurationPlatforms) = preSolution
		Debug|Any CPU = Debug|Any CPU
		Release|Any CPU = Release|Any CPU
	EndGlobalSection
	GlobalSection(ProjectConfigurationPlatforms) = postSolution
		{BD269F95-E64C-489D-AA68-5FDF6E513AED}.Debug|Any CPU.ActiveCfg = Debug|Any CPU
		{BD269F95-E64C-489D-AA68-5FDF6E513AED}.Debug|Any CPU.Build.0 = Debug|Any CPU
		{BD269F95-E64C-489D-AA68-5FDF6E513AED}.Release|Any CPU.ActiveCfg = Release|Any CPU
		{BD269F95-E64C-489D-AA68-5FDF6E513AED}.Release|Any CPU.Build.0 = Release|Any CPU
	EndGlobalSection
	GlobalSection(SolutionProperties) = preSolution
		HideSolutionNode = FALSE
	EndGlobalSection
EndGlobal
